
Microsoft Visual Studio Solution File, Format Version 12.00
# Visual Studio Version 17
VisualStudioVersion = 17.4.33205.214
MinimumVisualStudioVersion = 10.0.40219.1
Project("{9A19103F-16F7-4668-BE54-9A1E7A4F7556}") = "ShammsBusinessWebApp", "ShammsBusinessWebApp\ShammsBusinessWebApp.csproj", "{78B5EE8D-97BD-419E-9591-802F82114350}"
EndProject
Project("{FAE04EC0-301F-11D3-BF4B-00C04F79EFBC}") = "ShammsBusiness.Domain", "ShammsBusiness.Domain\ShammsBusiness.Domain.csproj", "{EE6A5E44-EDD7-4A37-A873-C772E1C3BA9D}"
EndProject
Project("{FAE04EC0-301F-11D3-BF4B-00C04F79EFBC}") = "ShammsBusiness.Service", "ShammsBusiness.Serves\ShammsBusiness.Service.csproj", "{22A326B1-7C26-4FF7-95CE-397CF733963E}"
EndProject
Project("{FAE04EC0-301F-11D3-BF4B-00C04F79EFBC}") = "ShammsBusiness.Data", "ShammsBusiness.Data\ShammsBusiness.Data.csproj", "{D55F0EFB-7F31-4572-A66D-354CABAEBCB7}"
EndProject
Global
	GlobalSection(SolutionConfigurationPlatforms) = preSolution
		Debug|Any CPU = Debug|Any CPU
		Release|Any CPU = Release|Any CPU
	EndGlobalSection
	GlobalSection(ProjectConfigurationPlatforms) = postSolution
		{78B5EE8D-97BD-419E-9591-802F82114350}.Debug|Any CPU.ActiveCfg = Debug|Any CPU
		{78B5EE8D-97BD-419E-9591-802F82114350}.Debug|Any CPU.Build.0 = Debug|Any CPU
		{78B5EE8D-97BD-419E-9591-802F82114350}.Release|Any CPU.ActiveCfg = Release|Any CPU
		{78B5EE8D-97BD-419E-9591-802F82114350}.Release|Any CPU.Build.0 = Release|Any CPU
		{EE6A5E44-EDD7-4A37-A873-C772E1C3BA9D}.Debug|Any CPU.ActiveCfg = Debug|Any CPU
		{EE6A5E44-EDD7-4A37-A873-C772E1C3BA9D}.Debug|Any CPU.Build.0 = Debug|Any CPU
		{EE6A5E44-EDD7-4A37-A873-C772E1C3BA9D}.Release|Any CPU.ActiveCfg = Release|Any CPU
		{EE6A5E44-EDD7-4A37-A873-C772E1C3BA9D}.Release|Any CPU.Build.0 = Release|Any CPU
		{22A326B1-7C26-4FF7-95CE-397CF733963E}.Debug|Any CPU.ActiveCfg = Debug|Any CPU
		{22A326B1-7C26-4FF7-95CE-397CF733963E}.Debug|Any CPU.Build.0 = Debug|Any CPU
		{22A326B1-7C26-4FF7-95CE-397CF733963E}.Release|Any CPU.ActiveCfg = Release|Any CPU
		{22A326B1-7C26-4FF7-95CE-397CF733963E}.Release|Any CPU.Build.0 = Release|Any CPU
		{D55F0EFB-7F31-4572-A66D-354CABAEBCB7}.Debug|Any CPU.ActiveCfg = Debug|Any CPU
		{D55F0EFB-7F31-4572-A66D-354CABAEBCB7}.Debug|Any CPU.Build.0 = Debug|Any CPU
		{D55F0EFB-7F31-4572-A66D-354CABAEBCB7}.Release|Any CPU.ActiveCfg = Release|Any CPU
		{D55F0EFB-7F31-4572-A66D-354CABAEBCB7}.Release|Any CPU.Build.0 = Release|Any CPU
	EndGlobalSection
	GlobalSection(SolutionProperties) = preSolution
		HideSolutionNode = FALSE
	EndGlobalSection
	GlobalSection(ExtensibilityGlobals) = postSolution
		SolutionGuid = {1B4DAA7F-B945-47F7-8B72-891534E6EA05}
	EndGlobalSection
EndGlobal
